
Microsoft Visual Studio Solution File, Format Version 12.00
# Visual Studio Version 16
VisualStudioVersion = 16.0.31229.75
MinimumVisualStudioVersion = 10.0.40219.1
Project("{FAE04EC0-301F-11D3-BF4B-00C04F79EFBC}") = "DistanceConverter", "DistanceConverter\DistanceConverter.csproj", "{A35C010F-6DA2-44A5-9BBB-955CFF4A4BD1}"
EndProject
Project("{2150E333-8FDC-42A3-9474-1A3956D46DE8}") = "cahpter02", "cahpter02", "{AA96F8D4-3BD6-41FF-8699-3BDCD604B0AD}"
EndProject
Project("{FAE04EC0-301F-11D3-BF4B-00C04F79EFBC}") = "SalesCalculator", "..\SalesCalculator\SalesCalculator.csproj", "{A1EEE125-BE98-41D1-A620-41525D25484E}"
EndProject
Project("{FAE04EC0-301F-11D3-BF4B-00C04F79EFBC}") = "Exercise1", "..\Exercise1\Exercise1.csproj", "{93EAFD0D-14F7-4E79-854B-76CD99F2BF63}"
EndProject
Project("{2150E333-8FDC-42A3-9474-1A3956D46DE8}") = "Exercise", "Exercise", "{46ECE027-0AAD-4EEB-A967-226EB0B3C8E3}"
EndProject
Project("{FAE04EC0-301F-11D3-BF4B-00C04F79EFBC}") = "Exercise2", "Exersize\Exercise2.csproj", "{E03CB975-1021-42DB-BF9E-F96EA6AFE0F0}"
EndProject
Project("{FAE04EC0-301F-11D3-BF4B-00C04F79EFBC}") = "Exarcise3", "Exarcise3\Exarcise3.csproj", "{2BEC1060-78A9-45B0-9AC8-454E2E450A58}"
EndProject
Project("{2150E333-8FDC-42A3-9474-1A3956D46DE8}") = "chapter03", "chapter03", "{381DE643-1BC7-4069-B9C4-4B32C1387CF4}"
EndProject
Project("{FAE04EC0-301F-11D3-BF4B-00C04F79EFBC}") = "Section01", "..\Section01\Section01.csproj", "{9A868539-91F8-4F94-A712-23B5596CC362}"
EndProject
Project("{2150E333-8FDC-42A3-9474-1A3956D46DE8}") = "Exarcise", "Exarcise", "{014C13B7-4AB0-494B-8F0C-276EEB6DBA28}"
EndProject
Project("{FAE04EC0-301F-11D3-BF4B-00C04F79EFBC}") = "Exarcise1", "Exarcise1\Exarcise1.csproj", "{5337BD77-26FF-4CDD-BFF6-034B0EA2F17B}"
EndProject
Project("{FAE04EC0-301F-11D3-BF4B-00C04F79EFBC}") = "Exarcise2", "Exarcise2\Exarcise2.csproj", "{86EAB58E-A8E8-4A50-A110-9976D70821A5}"
EndProject
Project("{FAE04EC0-301F-11D3-BF4B-00C04F79EFBC}") = "Exarcise3-3", "Exarcise3-3\Exarcise3-3.csproj", "{0B3362BA-F151-4B0E-8EE9-3829B23E13AD}"
EndProject
Project("{FAE04EC0-301F-11D3-BF4B-00C04F79EFBC}") = "Section01", "..\Chapter04\Section01\Section01.csproj", "{5C8B0149-1AD9-46E2-8063-C2292454BA2D}"
EndProject
Project("{2150E333-8FDC-42A3-9474-1A3956D46DE8}") = "chapter04", "chapter04", "{A16B43F7-CAC9-42B4-95D6-3C9EE1C28509}"
EndProject
Project("{FAE04EC0-301F-11D3-BF4B-00C04F79EFBC}") = "Exarcise1", "..\Chapter04\Exarcise\Exarcise1\Exarcise1.csproj", "{8638720C-F30C-4917-A5C2-BF06A1C31A07}"
EndProject
Project("{2150E333-8FDC-42A3-9474-1A3956D46DE8}") = "Exarcise", "Exarcise", "{EA3CF61F-E639-40CC-BE50-9823402B9809}"
EndProject
Project("{FAE04EC0-301F-11D3-BF4B-00C04F79EFBC}") = "Exarcise2", "..\Chapter04\Exarcise\Exarcise2\Exarcise2.csproj", "{86424447-64B9-45F6-950E-5FD5F33443BE}"
EndProject
Project("{FAE04EC0-301F-11D3-BF4B-00C04F79EFBC}") = "Exarcise1", "..\Chapter05\Exarcise1\Exarcise1.csproj", "{27C836F8-54BA-427E-BEC5-A025AC39FC5C}"
EndProject
Project("{2150E333-8FDC-42A3-9474-1A3956D46DE8}") = "chapter05", "chapter05", "{4C0895A4-D31C-4E62-8386-9A1B3B1E408E}"
EndProject
Project("{FAE04EC0-301F-11D3-BF4B-00C04F79EFBC}") = "Test01", "..\TestProject\Test01\Test01.csproj", "{2BFACDC3-F44D-4199-8498-F5C3C4AC0335}"
EndProject
Project("{FAE04EC0-301F-11D3-BF4B-00C04F79EFBC}") = "Test02", "..\TestProject\Test02\Test02.csproj", "{E461C0A8-8900-485C-B520-E929BA33F712}"
EndProject
Project("{2150E333-8FDC-42A3-9474-1A3956D46DE8}") = "Test1", "Test1", "{211E6221-3FFF-4010-8A6C-F4DEFBFD3E65}"
EndProject
Project("{FAE04EC0-301F-11D3-BF4B-00C04F79EFBC}") = "Exercise2", "..\Chapter05\Exercise2\Exercise2.csproj", "{6BD3209A-5873-4F03-93B7-D5D87C706387}"
EndProject
Project("{FAE04EC0-301F-11D3-BF4B-00C04F79EFBC}") = "Exercise3", "..\Chapter05\Exercise3\Exercise3.csproj", "{8D2DB637-3410-43BA-8BD5-36BAC93B9A77}"
EndProject
Project("{FAE04EC0-301F-11D3-BF4B-00C04F79EFBC}") = "Exercise4", "..\Chapter05\Exercise4\Exercise4.csproj", "{1FEFC812-5325-4F37-BC47-743449632049}"
EndProject
Project("{FAE04EC0-301F-11D3-BF4B-00C04F79EFBC}") = "Section01", "..\Chapter06\Section01\Section01.csproj", "{B525D0A1-FC2C-4563-857E-569196CBDA6F}"
EndProject
Project("{2150E333-8FDC-42A3-9474-1A3956D46DE8}") = "chapter06", "chapter06", "{E503DA79-D3ED-4EDA-843C-D00F192CA933}"
EndProject
Project("{FAE04EC0-301F-11D3-BF4B-00C04F79EFBC}") = "Exercise1", "..\Chapter06\Exercise\Exercise1\Exercise1.csproj", "{6F7D579C-20D3-4F28-9121-1A4B75398A3D}"
EndProject
Project("{FAE04EC0-301F-11D3-BF4B-00C04F79EFBC}") = "Exercise2", "..\Chapter06\Exercise\Exercise2\Exercise2.csproj", "{7A1C6502-04C0-4780-BF1F-E63459FD19CB}"
EndProject
Project("{2150E333-8FDC-42A3-9474-1A3956D46DE8}") = "chapter07", "chapter07", "{A94E1F3E-7DFE-4CF8-A69B-1CC04202D67B}"
EndProject
Project("{FAE04EC0-301F-11D3-BF4B-00C04F79EFBC}") = "Exercise1", "..\Chapter07\Exercise1\Exercise1.csproj", "{69BAB5F2-4EA2-4EBE-A51E-9BCFEAF6FC71}"
EndProject
Project("{FAE04EC0-301F-11D3-BF4B-00C04F79EFBC}") = "Section03", "..\Chapter07\Section03\Section03.csproj", "{9666A25E-BC82-487A-A2BF-FF02E7DD010C}"
EndProject
Project("{2150E333-8FDC-42A3-9474-1A3956D46DE8}") = "chapter08", "chapter08", "{8850494E-2118-44BA-9E1E-F6F2B1B2E150}"
EndProject
Project("{FAE04EC0-301F-11D3-BF4B-00C04F79EFBC}") = "Section1", "..\Chapter08\Section1\Section1.csproj", "{D81439A8-BF6D-4950-8DDD-51CA489E8AB4}"
EndProject
Project("{2150E333-8FDC-42A3-9474-1A3956D46DE8}") = "Exercise", "Exercise", "{CB0E87FE-99F8-4071-9D09-F5965C83BD66}"
EndProject
Project("{FAE04EC0-301F-11D3-BF4B-00C04F79EFBC}") = "Exercise1", "..\Chapter08\Exercise\Exercise1\Exercise1.csproj", "{47EFEA69-7037-4350-A39E-8C72B706976D}"
EndProject
Project("{FAE04EC0-301F-11D3-BF4B-00C04F79EFBC}") = "Exercise2", "..\Chapter08\Exercise\Exercise2\Exercise2.csproj", "{8CC62F9B-A9F1-4B71-9ED9-C3F682D3ED45}"
EndProject
Project("{2150E333-8FDC-42A3-9474-1A3956D46DE8}") = "CarReportSystem", "CarReportSystem", "{CDE7EB7B-655D-442B-A695-96660E876BE5}"
EndProject
Project("{FAE04EC0-301F-11D3-BF4B-00C04F79EFBC}") = "CarReportSystem", "..\CarReportSystem\CarReportSystem\CarReportSystem.csproj", "{EB322FA7-3E85-4459-9D3E-63F00E789198}"
EndProject
Project("{FAE04EC0-301F-11D3-BF4B-00C04F79EFBC}") = "Sample0823", "Sample0823\Sample0823.csproj", "{0A7DC74D-459A-41FE-854E-D8128362F0BC}"
EndProject
Project("{2150E333-8FDC-42A3-9474-1A3956D46DE8}") = "Sample0823", "Sample0823", "{48A8F3C7-4A27-4542-BE9A-0A583A5C1966}"
EndProject
Project("{2150E333-8FDC-42A3-9474-1A3956D46DE8}") = "chapter11", "chapter11", "{86935B6F-CF4C-498C-84A3-8E6128BFAE96}"
	ProjectSection(SolutionItems) = preProject
		..\..\..\..\..\Desktop\novelists.xml = ..\..\..\..\..\Desktop\novelists.xml
	EndProjectSection
EndProject
Project("{FAE04EC0-301F-11D3-BF4B-00C04F79EFBC}") = "Section01", "chapter11\Section01\Section01.csproj", "{6D032259-9D2F-49CE-83FD-1207BDEE7FDD}"
EndProject
Project("{FAE04EC0-301F-11D3-BF4B-00C04F79EFBC}") = "Execise1", "chapter11\Execise1\Execise1.csproj", "{2F698EFB-05E2-478D-810A-C59607A5AA9F}"
EndProject
Project("{FAE04EC0-301F-11D3-BF4B-00C04F79EFBC}") = "Section02", "chapter11\Section02\Section02.csproj", "{5D0753F5-57F9-4E64-A2A0-E4A1AA861E47}"
EndProject
Project("{FAE04EC0-301F-11D3-BF4B-00C04F79EFBC}") = "Execise2", "chapter11\Execise2\Execise2.csproj", "{216698FE-0B78-4472-84D5-69E75B08C4BD}"
EndProject
Project("{2150E333-8FDC-42A3-9474-1A3956D46DE8}") = "chapter14", "chapter14", "{136B3D5D-CEDD-4B6E-BF0D-1978E6FBF89A}"
EndProject
Project("{FAE04EC0-301F-11D3-BF4B-00C04F79EFBC}") = "Section04", "Chapter14\ConsoleApp1\Section04.csproj", "{F2D3F3CD-D627-4613-8D80-AE877597AAAF}"
EndProject
Project("{2150E333-8FDC-42A3-9474-1A3956D46DE8}") = "WeatherApp", "WeatherApp", "{E957E869-BEFC-40B9-A179-DC37CA3622CF}"
EndProject
Project("{FAE04EC0-301F-11D3-BF4B-00C04F79EFBC}") = "WeatherApp", "WeatherApp\WeatherApp\WeatherApp.csproj", "{B18DC3D7-7848-4421-B25A-3770E5B707B2}"
EndProject
Project("{2150E333-8FDC-42A3-9474-1A3956D46DE8}") = "RSSReader", "RSSReader", "{044787F6-BD01-44EC-8603-3F4F7308122C}"
EndProject
Project("{FAE04EC0-301F-11D3-BF4B-00C04F79EFBC}") = "RssReader", "RssReader\RssReader\RssReader.csproj", "{EF9B0ECF-9580-4072-80A5-724C6A4D3A38}"
EndProject
Project("{2150E333-8FDC-42A3-9474-1A3956D46DE8}") = "SendMail", "SendMail", "{3CCA9131-716A-45BB-9C9E-9FF55F4EBCB9}"
	ProjectSection(SolutionItems) = preProject
		..\..\..\..\..\Desktop\テスト仕様書_竹田岳人.xlsx = ..\..\..\..\..\Desktop\テスト仕様書_竹田岳人.xlsx
	EndProjectSection
EndProject
Project("{FAE04EC0-301F-11D3-BF4B-00C04F79EFBC}") = "SendMail", "SendMail\SendMail\SendMail.csproj", "{5E1DE6D4-7DA4-4A6E-A69F-9B0690ED07F0}"
EndProject
Project("{FAE04EC0-301F-11D3-BF4B-00C04F79EFBC}") = "Section4_Json", "Chapter14\Section4_Json\Section4_Json.csproj", "{7C930C38-CC0C-4B44-BDBD-88F723B42D9D}"
EndProject
Project("{FAE04EC0-301F-11D3-BF4B-00C04F79EFBC}") = "SampleEntityFramework", "EntityFramework\SampleEntityFramework\SampleEntityFramework.csproj", "{400331EF-2FD4-4F31-B28B-22ED65FB8D38}"
EndProject
Project("{2150E333-8FDC-42A3-9474-1A3956D46DE8}") = "chapter13", "chapter13", "{F658DBA3-691C-4EC6-A217-91B1B9C2201C}"
EndProject
Project("{2150E333-8FDC-42A3-9474-1A3956D46DE8}") = "ADO.NET", "ADO.NET", "{DCE5768F-EDD5-4506-924E-25A11E4177B4}"
EndProject
Project("{FAE04EC0-301F-11D3-BF4B-00C04F79EFBC}") = "AddressBook", "ADO.NET\AddressBook\AddressBook.csproj", "{782DBDE2-B63C-4477-8BDD-EDC67C26277B}"
EndProject
Project("{FAE04EC0-301F-11D3-BF4B-00C04F79EFBC}") = "SampleApp", "WPF\SampleApp\SampleApp.csproj", "{387D1D3E-19DE-43F7-AD67-C67C326AB954}"
EndProject
Project("{2150E333-8FDC-42A3-9474-1A3956D46DE8}") = "WPF", "WPF", "{4EC1ABB8-B7C7-4B7E-9E81-AB09435B1A37}"
EndProject
Project("{FAE04EC0-301F-11D3-BF4B-00C04F79EFBC}") = "SampleGridApp", "WPF\SampleGridApp\SampleGridApp.csproj", "{609EC27F-6093-489A-AC73-39E510EC7B54}"
EndProject
Project("{FAE04EC0-301F-11D3-BF4B-00C04F79EFBC}") = "SampleUnitConverter", "WPF\SampleUnitComveter\SampleUnitConverter.csproj", "{E3420783-51F1-47F8-BE16-1A8BFCBA9120}"
EndProject
Project("{FAE04EC0-301F-11D3-BF4B-00C04F79EFBC}") = "NumberGame", "WPF\NumberGame\NumberGame.csproj", "{6C64D991-98A7-4D85-8AB4-1A1C518960CB}"
EndProject
Project("{2150E333-8FDC-42A3-9474-1A3956D46DE8}") = "Games", "Games", "{2A0904AE-44AF-4C34-A9C4-D9F91311F427}"
EndProject
Project("{FAE04EC0-301F-11D3-BF4B-00C04F79EFBC}") = "Pelmanism", "Games\Pelmanism\Pelmanism.csproj", "{4B4D6A40-8608-4E2E-BBA8-8C5EE21E766A}"
EndProject
Global
	GlobalSection(SolutionConfigurationPlatforms) = preSolution
		Debug|Any CPU = Debug|Any CPU
		Release|Any CPU = Release|Any CPU
	EndGlobalSection
	GlobalSection(ProjectConfigurationPlatforms) = postSolution
		{A35C010F-6DA2-44A5-9BBB-955CFF4A4BD1}.Debug|Any CPU.ActiveCfg = Debug|Any CPU
		{A35C010F-6DA2-44A5-9BBB-955CFF4A4BD1}.Debug|Any CPU.Build.0 = Debug|Any CPU
		{A35C010F-6DA2-44A5-9BBB-955CFF4A4BD1}.Release|Any CPU.ActiveCfg = Release|Any CPU
		{A35C010F-6DA2-44A5-9BBB-955CFF4A4BD1}.Release|Any CPU.Build.0 = Release|Any CPU
		{A1EEE125-BE98-41D1-A620-41525D25484E}.Debug|Any CPU.ActiveCfg = Debug|Any CPU
		{A1EEE125-BE98-41D1-A620-41525D25484E}.Debug|Any CPU.Build.0 = Debug|Any CPU
		{A1EEE125-BE98-41D1-A620-41525D25484E}.Release|Any CPU.ActiveCfg = Release|Any CPU
		{A1EEE125-BE98-41D1-A620-41525D25484E}.Release|Any CPU.Build.0 = Release|Any CPU
		{93EAFD0D-14F7-4E79-854B-76CD99F2BF63}.Debug|Any CPU.ActiveCfg = Debug|Any CPU
		{93EAFD0D-14F7-4E79-854B-76CD99F2BF63}.Debug|Any CPU.Build.0 = Debug|Any CPU
		{93EAFD0D-14F7-4E79-854B-76CD99F2BF63}.Release|Any CPU.ActiveCfg = Release|Any CPU
		{93EAFD0D-14F7-4E79-854B-76CD99F2BF63}.Release|Any CPU.Build.0 = Release|Any CPU
		{E03CB975-1021-42DB-BF9E-F96EA6AFE0F0}.Debug|Any CPU.ActiveCfg = Debug|Any CPU
		{E03CB975-1021-42DB-BF9E-F96EA6AFE0F0}.Debug|Any CPU.Build.0 = Debug|Any CPU
		{E03CB975-1021-42DB-BF9E-F96EA6AFE0F0}.Release|Any CPU.ActiveCfg = Release|Any CPU
		{E03CB975-1021-42DB-BF9E-F96EA6AFE0F0}.Release|Any CPU.Build.0 = Release|Any CPU
		{2BEC1060-78A9-45B0-9AC8-454E2E450A58}.Debug|Any CPU.ActiveCfg = Debug|Any CPU
		{2BEC1060-78A9-45B0-9AC8-454E2E450A58}.Debug|Any CPU.Build.0 = Debug|Any CPU
		{2BEC1060-78A9-45B0-9AC8-454E2E450A58}.Release|Any CPU.ActiveCfg = Release|Any CPU
		{2BEC1060-78A9-45B0-9AC8-454E2E450A58}.Release|Any CPU.Build.0 = Release|Any CPU
		{9A868539-91F8-4F94-A712-23B5596CC362}.Debug|Any CPU.ActiveCfg = Debug|Any CPU
		{9A868539-91F8-4F94-A712-23B5596CC362}.Debug|Any CPU.Build.0 = Debug|Any CPU
		{9A868539-91F8-4F94-A712-23B5596CC362}.Release|Any CPU.ActiveCfg = Release|Any CPU
		{9A868539-91F8-4F94-A712-23B5596CC362}.Release|Any CPU.Build.0 = Release|Any CPU
		{5337BD77-26FF-4CDD-BFF6-034B0EA2F17B}.Debug|Any CPU.ActiveCfg = Debug|Any CPU
		{5337BD77-26FF-4CDD-BFF6-034B0EA2F17B}.Debug|Any CPU.Build.0 = Debug|Any CPU
		{5337BD77-26FF-4CDD-BFF6-034B0EA2F17B}.Release|Any CPU.ActiveCfg = Release|Any CPU
		{5337BD77-26FF-4CDD-BFF6-034B0EA2F17B}.Release|Any CPU.Build.0 = Release|Any CPU
		{86EAB58E-A8E8-4A50-A110-9976D70821A5}.Debug|Any CPU.ActiveCfg = Debug|Any CPU
		{86EAB58E-A8E8-4A50-A110-9976D70821A5}.Debug|Any CPU.Build.0 = Debug|Any CPU
		{86EAB58E-A8E8-4A50-A110-9976D70821A5}.Release|Any CPU.ActiveCfg = Release|Any CPU
		{86EAB58E-A8E8-4A50-A110-9976D70821A5}.Release|Any CPU.Build.0 = Release|Any CPU
		{0B3362BA-F151-4B0E-8EE9-3829B23E13AD}.Debug|Any CPU.ActiveCfg = Debug|Any CPU
		{0B3362BA-F151-4B0E-8EE9-3829B23E13AD}.Debug|Any CPU.Build.0 = Debug|Any CPU
		{0B3362BA-F151-4B0E-8EE9-3829B23E13AD}.Release|Any CPU.ActiveCfg = Release|Any CPU
		{0B3362BA-F151-4B0E-8EE9-3829B23E13AD}.Release|Any CPU.Build.0 = Release|Any CPU
		{5C8B0149-1AD9-46E2-8063-C2292454BA2D}.Debug|Any CPU.ActiveCfg = Debug|Any CPU
		{5C8B0149-1AD9-46E2-8063-C2292454BA2D}.Debug|Any CPU.Build.0 = Debug|Any CPU
		{5C8B0149-1AD9-46E2-8063-C2292454BA2D}.Release|Any CPU.ActiveCfg = Release|Any CPU
		{5C8B0149-1AD9-46E2-8063-C2292454BA2D}.Release|Any CPU.Build.0 = Release|Any CPU
		{8638720C-F30C-4917-A5C2-BF06A1C31A07}.Debug|Any CPU.ActiveCfg = Debug|Any CPU
		{8638720C-F30C-4917-A5C2-BF06A1C31A07}.Debug|Any CPU.Build.0 = Debug|Any CPU
		{8638720C-F30C-4917-A5C2-BF06A1C31A07}.Release|Any CPU.ActiveCfg = Release|Any CPU
		{8638720C-F30C-4917-A5C2-BF06A1C31A07}.Release|Any CPU.Build.0 = Release|Any CPU
		{86424447-64B9-45F6-950E-5FD5F33443BE}.Debug|Any CPU.ActiveCfg = Debug|Any CPU
		{86424447-64B9-45F6-950E-5FD5F33443BE}.Debug|Any CPU.Build.0 = Debug|Any CPU
		{86424447-64B9-45F6-950E-5FD5F33443BE}.Release|Any CPU.ActiveCfg = Release|Any CPU
		{86424447-64B9-45F6-950E-5FD5F33443BE}.Release|Any CPU.Build.0 = Release|Any CPU
		{27C836F8-54BA-427E-BEC5-A025AC39FC5C}.Debug|Any CPU.ActiveCfg = Debug|Any CPU
		{27C836F8-54BA-427E-BEC5-A025AC39FC5C}.Debug|Any CPU.Build.0 = Debug|Any CPU
		{27C836F8-54BA-427E-BEC5-A025AC39FC5C}.Release|Any CPU.ActiveCfg = Release|Any CPU
		{27C836F8-54BA-427E-BEC5-A025AC39FC5C}.Release|Any CPU.Build.0 = Release|Any CPU
		{2BFACDC3-F44D-4199-8498-F5C3C4AC0335}.Debug|Any CPU.ActiveCfg = Debug|Any CPU
		{2BFACDC3-F44D-4199-8498-F5C3C4AC0335}.Debug|Any CPU.Build.0 = Debug|Any CPU
		{2BFACDC3-F44D-4199-8498-F5C3C4AC0335}.Release|Any CPU.ActiveCfg = Release|Any CPU
		{2BFACDC3-F44D-4199-8498-F5C3C4AC0335}.Release|Any CPU.Build.0 = Release|Any CPU
		{E461C0A8-8900-485C-B520-E929BA33F712}.Debug|Any CPU.ActiveCfg = Debug|Any CPU
		{E461C0A8-8900-485C-B520-E929BA33F712}.Debug|Any CPU.Build.0 = Debug|Any CPU
		{E461C0A8-8900-485C-B520-E929BA33F712}.Release|Any CPU.ActiveCfg = Release|Any CPU
		{E461C0A8-8900-485C-B520-E929BA33F712}.Release|Any CPU.Build.0 = Release|Any CPU
		{6BD3209A-5873-4F03-93B7-D5D87C706387}.Debug|Any CPU.ActiveCfg = Debug|Any CPU
		{6BD3209A-5873-4F03-93B7-D5D87C706387}.Debug|Any CPU.Build.0 = Debug|Any CPU
		{6BD3209A-5873-4F03-93B7-D5D87C706387}.Release|Any CPU.ActiveCfg = Release|Any CPU
		{6BD3209A-5873-4F03-93B7-D5D87C706387}.Release|Any CPU.Build.0 = Release|Any CPU
		{8D2DB637-3410-43BA-8BD5-36BAC93B9A77}.Debug|Any CPU.ActiveCfg = Debug|Any CPU
		{8D2DB637-3410-43BA-8BD5-36BAC93B9A77}.Debug|Any CPU.Build.0 = Debug|Any CPU
		{8D2DB637-3410-43BA-8BD5-36BAC93B9A77}.Release|Any CPU.ActiveCfg = Release|Any CPU
		{8D2DB637-3410-43BA-8BD5-36BAC93B9A77}.Release|Any CPU.Build.0 = Release|Any CPU
		{1FEFC812-5325-4F37-BC47-743449632049}.Debug|Any CPU.ActiveCfg = Debug|Any CPU
		{1FEFC812-5325-4F37-BC47-743449632049}.Debug|Any CPU.Build.0 = Debug|Any CPU
		{1FEFC812-5325-4F37-BC47-743449632049}.Release|Any CPU.ActiveCfg = Release|Any CPU
		{1FEFC812-5325-4F37-BC47-743449632049}.Release|Any CPU.Build.0 = Release|Any CPU
		{B525D0A1-FC2C-4563-857E-569196CBDA6F}.Debug|Any CPU.ActiveCfg = Debug|Any CPU
		{B525D0A1-FC2C-4563-857E-569196CBDA6F}.Debug|Any CPU.Build.0 = Debug|Any CPU
		{B525D0A1-FC2C-4563-857E-569196CBDA6F}.Release|Any CPU.ActiveCfg = Release|Any CPU
		{B525D0A1-FC2C-4563-857E-569196CBDA6F}.Release|Any CPU.Build.0 = Release|Any CPU
		{6F7D579C-20D3-4F28-9121-1A4B75398A3D}.Debug|Any CPU.ActiveCfg = Debug|Any CPU
		{6F7D579C-20D3-4F28-9121-1A4B75398A3D}.Debug|Any CPU.Build.0 = Debug|Any CPU
		{6F7D579C-20D3-4F28-9121-1A4B75398A3D}.Release|Any CPU.ActiveCfg = Release|Any CPU
		{6F7D579C-20D3-4F28-9121-1A4B75398A3D}.Release|Any CPU.Build.0 = Release|Any CPU
		{7A1C6502-04C0-4780-BF1F-E63459FD19CB}.Debug|Any CPU.ActiveCfg = Debug|Any CPU
		{7A1C6502-04C0-4780-BF1F-E63459FD19CB}.Debug|Any CPU.Build.0 = Debug|Any CPU
		{7A1C6502-04C0-4780-BF1F-E63459FD19CB}.Release|Any CPU.ActiveCfg = Release|Any CPU
		{7A1C6502-04C0-4780-BF1F-E63459FD19CB}.Release|Any CPU.Build.0 = Release|Any CPU
		{69BAB5F2-4EA2-4EBE-A51E-9BCFEAF6FC71}.Debug|Any CPU.ActiveCfg = Debug|Any CPU
		{69BAB5F2-4EA2-4EBE-A51E-9BCFEAF6FC71}.Debug|Any CPU.Build.0 = Debug|Any CPU
		{69BAB5F2-4EA2-4EBE-A51E-9BCFEAF6FC71}.Release|Any CPU.ActiveCfg = Release|Any CPU
		{69BAB5F2-4EA2-4EBE-A51E-9BCFEAF6FC71}.Release|Any CPU.Build.0 = Release|Any CPU
		{9666A25E-BC82-487A-A2BF-FF02E7DD010C}.Debug|Any CPU.ActiveCfg = Debug|Any CPU
		{9666A25E-BC82-487A-A2BF-FF02E7DD010C}.Debug|Any CPU.Build.0 = Debug|Any CPU
		{9666A25E-BC82-487A-A2BF-FF02E7DD010C}.Release|Any CPU.ActiveCfg = Release|Any CPU
		{9666A25E-BC82-487A-A2BF-FF02E7DD010C}.Release|Any CPU.Build.0 = Release|Any CPU
		{D81439A8-BF6D-4950-8DDD-51CA489E8AB4}.Debug|Any CPU.ActiveCfg = Debug|Any CPU
		{D81439A8-BF6D-4950-8DDD-51CA489E8AB4}.Debug|Any CPU.Build.0 = Debug|Any CPU
		{D81439A8-BF6D-4950-8DDD-51CA489E8AB4}.Release|Any CPU.ActiveCfg = Release|Any CPU
		{D81439A8-BF6D-4950-8DDD-51CA489E8AB4}.Release|Any CPU.Build.0 = Release|Any CPU
		{47EFEA69-7037-4350-A39E-8C72B706976D}.Debug|Any CPU.ActiveCfg = Debug|Any CPU
		{47EFEA69-7037-4350-A39E-8C72B706976D}.Debug|Any CPU.Build.0 = Debug|Any CPU
		{47EFEA69-7037-4350-A39E-8C72B706976D}.Release|Any CPU.ActiveCfg = Release|Any CPU
		{47EFEA69-7037-4350-A39E-8C72B706976D}.Release|Any CPU.Build.0 = Release|Any CPU
		{8CC62F9B-A9F1-4B71-9ED9-C3F682D3ED45}.Debug|Any CPU.ActiveCfg = Debug|Any CPU
		{8CC62F9B-A9F1-4B71-9ED9-C3F682D3ED45}.Debug|Any CPU.Build.0 = Debug|Any CPU
		{8CC62F9B-A9F1-4B71-9ED9-C3F682D3ED45}.Release|Any CPU.ActiveCfg = Release|Any CPU
		{8CC62F9B-A9F1-4B71-9ED9-C3F682D3ED45}.Release|Any CPU.Build.0 = Release|Any CPU
		{EB322FA7-3E85-4459-9D3E-63F00E789198}.Debug|Any CPU.ActiveCfg = Debug|Any CPU
		{EB322FA7-3E85-4459-9D3E-63F00E789198}.Debug|Any CPU.Build.0 = Debug|Any CPU
		{EB322FA7-3E85-4459-9D3E-63F00E789198}.Release|Any CPU.ActiveCfg = Release|Any CPU
		{EB322FA7-3E85-4459-9D3E-63F00E789198}.Release|Any CPU.Build.0 = Release|Any CPU
		{0A7DC74D-459A-41FE-854E-D8128362F0BC}.Debug|Any CPU.ActiveCfg = Debug|Any CPU
		{0A7DC74D-459A-41FE-854E-D8128362F0BC}.Debug|Any CPU.Build.0 = Debug|Any CPU
		{0A7DC74D-459A-41FE-854E-D8128362F0BC}.Release|Any CPU.ActiveCfg = Release|Any CPU
		{0A7DC74D-459A-41FE-854E-D8128362F0BC}.Release|Any CPU.Build.0 = Release|Any CPU
		{6D032259-9D2F-49CE-83FD-1207BDEE7FDD}.Debug|Any CPU.ActiveCfg = Debug|Any CPU
		{6D032259-9D2F-49CE-83FD-1207BDEE7FDD}.Debug|Any CPU.Build.0 = Debug|Any CPU
		{6D032259-9D2F-49CE-83FD-1207BDEE7FDD}.Release|Any CPU.ActiveCfg = Release|Any CPU
		{6D032259-9D2F-49CE-83FD-1207BDEE7FDD}.Release|Any CPU.Build.0 = Release|Any CPU
		{2F698EFB-05E2-478D-810A-C59607A5AA9F}.Debug|Any CPU.ActiveCfg = Debug|Any CPU
		{2F698EFB-05E2-478D-810A-C59607A5AA9F}.Debug|Any CPU.Build.0 = Debug|Any CPU
		{2F698EFB-05E2-478D-810A-C59607A5AA9F}.Release|Any CPU.ActiveCfg = Release|Any CPU
		{2F698EFB-05E2-478D-810A-C59607A5AA9F}.Release|Any CPU.Build.0 = Release|Any CPU
		{5D0753F5-57F9-4E64-A2A0-E4A1AA861E47}.Debug|Any CPU.ActiveCfg = Debug|Any CPU
		{5D0753F5-57F9-4E64-A2A0-E4A1AA861E47}.Debug|Any CPU.Build.0 = Debug|Any CPU
		{5D0753F5-57F9-4E64-A2A0-E4A1AA861E47}.Release|Any CPU.ActiveCfg = Release|Any CPU
		{5D0753F5-57F9-4E64-A2A0-E4A1AA861E47}.Release|Any CPU.Build.0 = Release|Any CPU
		{216698FE-0B78-4472-84D5-69E75B08C4BD}.Debug|Any CPU.ActiveCfg = Debug|Any CPU
		{216698FE-0B78-4472-84D5-69E75B08C4BD}.Debug|Any CPU.Build.0 = Debug|Any CPU
		{216698FE-0B78-4472-84D5-69E75B08C4BD}.Release|Any CPU.ActiveCfg = Release|Any CPU
		{216698FE-0B78-4472-84D5-69E75B08C4BD}.Release|Any CPU.Build.0 = Release|Any CPU
		{F2D3F3CD-D627-4613-8D80-AE877597AAAF}.Debug|Any CPU.ActiveCfg = Debug|Any CPU
		{F2D3F3CD-D627-4613-8D80-AE877597AAAF}.Debug|Any CPU.Build.0 = Debug|Any CPU
		{F2D3F3CD-D627-4613-8D80-AE877597AAAF}.Release|Any CPU.ActiveCfg = Release|Any CPU
		{F2D3F3CD-D627-4613-8D80-AE877597AAAF}.Release|Any CPU.Build.0 = Release|Any CPU
		{B18DC3D7-7848-4421-B25A-3770E5B707B2}.Debug|Any CPU.ActiveCfg = Debug|Any CPU
		{B18DC3D7-7848-4421-B25A-3770E5B707B2}.Debug|Any CPU.Build.0 = Debug|Any CPU
		{B18DC3D7-7848-4421-B25A-3770E5B707B2}.Release|Any CPU.ActiveCfg = Release|Any CPU
		{B18DC3D7-7848-4421-B25A-3770E5B707B2}.Release|Any CPU.Build.0 = Release|Any CPU
		{EF9B0ECF-9580-4072-80A5-724C6A4D3A38}.Debug|Any CPU.ActiveCfg = Debug|Any CPU
		{EF9B0ECF-9580-4072-80A5-724C6A4D3A38}.Debug|Any CPU.Build.0 = Debug|Any CPU
		{EF9B0ECF-9580-4072-80A5-724C6A4D3A38}.Release|Any CPU.ActiveCfg = Release|Any CPU
		{EF9B0ECF-9580-4072-80A5-724C6A4D3A38}.Release|Any CPU.Build.0 = Release|Any CPU
		{5E1DE6D4-7DA4-4A6E-A69F-9B0690ED07F0}.Debug|Any CPU.ActiveCfg = Debug|Any CPU
		{5E1DE6D4-7DA4-4A6E-A69F-9B0690ED07F0}.Debug|Any CPU.Build.0 = Debug|Any CPU
		{5E1DE6D4-7DA4-4A6E-A69F-9B0690ED07F0}.Release|Any CPU.ActiveCfg = Release|Any CPU
		{5E1DE6D4-7DA4-4A6E-A69F-9B0690ED07F0}.Release|Any CPU.Build.0 = Release|Any CPU
		{7C930C38-CC0C-4B44-BDBD-88F723B42D9D}.Debug|Any CPU.ActiveCfg = Debug|Any CPU
		{7C930C38-CC0C-4B44-BDBD-88F723B42D9D}.Debug|Any CPU.Build.0 = Debug|Any CPU
		{7C930C38-CC0C-4B44-BDBD-88F723B42D9D}.Release|Any CPU.ActiveCfg = Release|Any CPU
		{7C930C38-CC0C-4B44-BDBD-88F723B42D9D}.Release|Any CPU.Build.0 = Release|Any CPU
		{400331EF-2FD4-4F31-B28B-22ED65FB8D38}.Debug|Any CPU.ActiveCfg = Debug|Any CPU
		{400331EF-2FD4-4F31-B28B-22ED65FB8D38}.Debug|Any CPU.Build.0 = Debug|Any CPU
		{400331EF-2FD4-4F31-B28B-22ED65FB8D38}.Release|Any CPU.ActiveCfg = Release|Any CPU
		{400331EF-2FD4-4F31-B28B-22ED65FB8D38}.Release|Any CPU.Build.0 = Release|Any CPU
		{782DBDE2-B63C-4477-8BDD-EDC67C26277B}.Debug|Any CPU.ActiveCfg = Debug|Any CPU
		{782DBDE2-B63C-4477-8BDD-EDC67C26277B}.Debug|Any CPU.Build.0 = Debug|Any CPU
		{782DBDE2-B63C-4477-8BDD-EDC67C26277B}.Release|Any CPU.ActiveCfg = Release|Any CPU
		{782DBDE2-B63C-4477-8BDD-EDC67C26277B}.Release|Any CPU.Build.0 = Release|Any CPU
		{387D1D3E-19DE-43F7-AD67-C67C326AB954}.Debug|Any CPU.ActiveCfg = Debug|Any CPU
		{387D1D3E-19DE-43F7-AD67-C67C326AB954}.Debug|Any CPU.Build.0 = Debug|Any CPU
		{387D1D3E-19DE-43F7-AD67-C67C326AB954}.Release|Any CPU.ActiveCfg = Release|Any CPU
		{387D1D3E-19DE-43F7-AD67-C67C326AB954}.Release|Any CPU.Build.0 = Release|Any CPU
		{609EC27F-6093-489A-AC73-39E510EC7B54}.Debug|Any CPU.ActiveCfg = Debug|Any CPU
		{609EC27F-6093-489A-AC73-39E510EC7B54}.Debug|Any CPU.Build.0 = Debug|Any CPU
		{609EC27F-6093-489A-AC73-39E510EC7B54}.Release|Any CPU.ActiveCfg = Release|Any CPU
		{609EC27F-6093-489A-AC73-39E510EC7B54}.Release|Any CPU.Build.0 = Release|Any CPU
		{E3420783-51F1-47F8-BE16-1A8BFCBA9120}.Debug|Any CPU.ActiveCfg = Debug|Any CPU
		{E3420783-51F1-47F8-BE16-1A8BFCBA9120}.Debug|Any CPU.Build.0 = Debug|Any CPU
		{E3420783-51F1-47F8-BE16-1A8BFCBA9120}.Release|Any CPU.ActiveCfg = Release|Any CPU
		{E3420783-51F1-47F8-BE16-1A8BFCBA9120}.Release|Any CPU.Build.0 = Release|Any CPU
		{6C64D991-98A7-4D85-8AB4-1A1C518960CB}.Debug|Any CPU.ActiveCfg = Debug|Any CPU
		{6C64D991-98A7-4D85-8AB4-1A1C518960CB}.Debug|Any CPU.Build.0 = Debug|Any CPU
		{6C64D991-98A7-4D85-8AB4-1A1C518960CB}.Release|Any CPU.ActiveCfg = Release|Any CPU
		{6C64D991-98A7-4D85-8AB4-1A1C518960CB}.Release|Any CPU.Build.0 = Release|Any CPU
		{4B4D6A40-8608-4E2E-BBA8-8C5EE21E766A}.Debug|Any CPU.ActiveCfg = Debug|Any CPU
		{4B4D6A40-8608-4E2E-BBA8-8C5EE21E766A}.Debug|Any CPU.Build.0 = Debug|Any CPU
		{4B4D6A40-8608-4E2E-BBA8-8C5EE21E766A}.Release|Any CPU.ActiveCfg = Release|Any CPU
		{4B4D6A40-8608-4E2E-BBA8-8C5EE21E766A}.Release|Any CPU.Build.0 = Release|Any CPU
	EndGlobalSection
	GlobalSection(SolutionProperties) = preSolution
		HideSolutionNode = FALSE
	EndGlobalSection
	GlobalSection(NestedProjects) = preSolution
		{A35C010F-6DA2-44A5-9BBB-955CFF4A4BD1} = {AA96F8D4-3BD6-41FF-8699-3BDCD604B0AD}
		{A1EEE125-BE98-41D1-A620-41525D25484E} = {AA96F8D4-3BD6-41FF-8699-3BDCD604B0AD}
		{93EAFD0D-14F7-4E79-854B-76CD99F2BF63} = {46ECE027-0AAD-4EEB-A967-226EB0B3C8E3}
		{46ECE027-0AAD-4EEB-A967-226EB0B3C8E3} = {AA96F8D4-3BD6-41FF-8699-3BDCD604B0AD}
		{E03CB975-1021-42DB-BF9E-F96EA6AFE0F0} = {46ECE027-0AAD-4EEB-A967-226EB0B3C8E3}
		{2BEC1060-78A9-45B0-9AC8-454E2E450A58} = {46ECE027-0AAD-4EEB-A967-226EB0B3C8E3}
		{9A868539-91F8-4F94-A712-23B5596CC362} = {381DE643-1BC7-4069-B9C4-4B32C1387CF4}
		{014C13B7-4AB0-494B-8F0C-276EEB6DBA28} = {381DE643-1BC7-4069-B9C4-4B32C1387CF4}
		{5337BD77-26FF-4CDD-BFF6-034B0EA2F17B} = {014C13B7-4AB0-494B-8F0C-276EEB6DBA28}
		{86EAB58E-A8E8-4A50-A110-9976D70821A5} = {014C13B7-4AB0-494B-8F0C-276EEB6DBA28}
		{0B3362BA-F151-4B0E-8EE9-3829B23E13AD} = {014C13B7-4AB0-494B-8F0C-276EEB6DBA28}
		{5C8B0149-1AD9-46E2-8063-C2292454BA2D} = {A16B43F7-CAC9-42B4-95D6-3C9EE1C28509}
		{8638720C-F30C-4917-A5C2-BF06A1C31A07} = {EA3CF61F-E639-40CC-BE50-9823402B9809}
		{EA3CF61F-E639-40CC-BE50-9823402B9809} = {A16B43F7-CAC9-42B4-95D6-3C9EE1C28509}
		{86424447-64B9-45F6-950E-5FD5F33443BE} = {EA3CF61F-E639-40CC-BE50-9823402B9809}
		{27C836F8-54BA-427E-BEC5-A025AC39FC5C} = {4C0895A4-D31C-4E62-8386-9A1B3B1E408E}
		{2BFACDC3-F44D-4199-8498-F5C3C4AC0335} = {211E6221-3FFF-4010-8A6C-F4DEFBFD3E65}
		{E461C0A8-8900-485C-B520-E929BA33F712} = {211E6221-3FFF-4010-8A6C-F4DEFBFD3E65}
		{6BD3209A-5873-4F03-93B7-D5D87C706387} = {4C0895A4-D31C-4E62-8386-9A1B3B1E408E}
		{8D2DB637-3410-43BA-8BD5-36BAC93B9A77} = {4C0895A4-D31C-4E62-8386-9A1B3B1E408E}
		{1FEFC812-5325-4F37-BC47-743449632049} = {4C0895A4-D31C-4E62-8386-9A1B3B1E408E}
		{B525D0A1-FC2C-4563-857E-569196CBDA6F} = {E503DA79-D3ED-4EDA-843C-D00F192CA933}
		{6F7D579C-20D3-4F28-9121-1A4B75398A3D} = {E503DA79-D3ED-4EDA-843C-D00F192CA933}
		{7A1C6502-04C0-4780-BF1F-E63459FD19CB} = {E503DA79-D3ED-4EDA-843C-D00F192CA933}
		{69BAB5F2-4EA2-4EBE-A51E-9BCFEAF6FC71} = {A94E1F3E-7DFE-4CF8-A69B-1CC04202D67B}
		{9666A25E-BC82-487A-A2BF-FF02E7DD010C} = {A94E1F3E-7DFE-4CF8-A69B-1CC04202D67B}
		{D81439A8-BF6D-4950-8DDD-51CA489E8AB4} = {8850494E-2118-44BA-9E1E-F6F2B1B2E150}
		{CB0E87FE-99F8-4071-9D09-F5965C83BD66} = {8850494E-2118-44BA-9E1E-F6F2B1B2E150}
		{47EFEA69-7037-4350-A39E-8C72B706976D} = {CB0E87FE-99F8-4071-9D09-F5965C83BD66}
		{8CC62F9B-A9F1-4B71-9ED9-C3F682D3ED45} = {CB0E87FE-99F8-4071-9D09-F5965C83BD66}
		{EB322FA7-3E85-4459-9D3E-63F00E789198} = {CDE7EB7B-655D-442B-A695-96660E876BE5}
		{0A7DC74D-459A-41FE-854E-D8128362F0BC} = {48A8F3C7-4A27-4542-BE9A-0A583A5C1966}
		{6D032259-9D2F-49CE-83FD-1207BDEE7FDD} = {86935B6F-CF4C-498C-84A3-8E6128BFAE96}
		{2F698EFB-05E2-478D-810A-C59607A5AA9F} = {86935B6F-CF4C-498C-84A3-8E6128BFAE96}
		{5D0753F5-57F9-4E64-A2A0-E4A1AA861E47} = {86935B6F-CF4C-498C-84A3-8E6128BFAE96}
		{216698FE-0B78-4472-84D5-69E75B08C4BD} = {86935B6F-CF4C-498C-84A3-8E6128BFAE96}
		{F2D3F3CD-D627-4613-8D80-AE877597AAAF} = {136B3D5D-CEDD-4B6E-BF0D-1978E6FBF89A}
		{B18DC3D7-7848-4421-B25A-3770E5B707B2} = {E957E869-BEFC-40B9-A179-DC37CA3622CF}
		{EF9B0ECF-9580-4072-80A5-724C6A4D3A38} = {044787F6-BD01-44EC-8603-3F4F7308122C}
		{5E1DE6D4-7DA4-4A6E-A69F-9B0690ED07F0} = {3CCA9131-716A-45BB-9C9E-9FF55F4EBCB9}
		{7C930C38-CC0C-4B44-BDBD-88F723B42D9D} = {136B3D5D-CEDD-4B6E-BF0D-1978E6FBF89A}
		{400331EF-2FD4-4F31-B28B-22ED65FB8D38} = {F658DBA3-691C-4EC6-A217-91B1B9C2201C}
		{782DBDE2-B63C-4477-8BDD-EDC67C26277B} = {DCE5768F-EDD5-4506-924E-25A11E4177B4}
		{387D1D3E-19DE-43F7-AD67-C67C326AB954} = {4EC1ABB8-B7C7-4B7E-9E81-AB09435B1A37}
		{609EC27F-6093-489A-AC73-39E510EC7B54} = {4EC1ABB8-B7C7-4B7E-9E81-AB09435B1A37}
		{E3420783-51F1-47F8-BE16-1A8BFCBA9120} = {4EC1ABB8-B7C7-4B7E-9E81-AB09435B1A37}
		{6C64D991-98A7-4D85-8AB4-1A1C518960CB} = {4EC1ABB8-B7C7-4B7E-9E81-AB09435B1A37}
		{4B4D6A40-8608-4E2E-BBA8-8C5EE21E766A} = {2A0904AE-44AF-4C34-A9C4-D9F91311F427}
	EndGlobalSection
	GlobalSection(ExtensibilityGlobals) = postSolution
		SolutionGuid = {93E0FB3F-678A-4F03-8459-E080E5ECF736}
	EndGlobalSection
EndGlobal
